{
  "nodes": {
    "devenv": {
      "locked": {
        "dir": "src/modules",
        "lastModified": 1776245669,
        "narHash": "sha256-vK5IG4QgfbtYhIo0KlHgTJmDbHZCYU1ELIbHoK/Ap94=",
        "owner": "cachix",
        "repo": "devenv",
        "rev": "99d2072320398af5ce4eaefb11f71e03f0f6d9a8",
        "type": "github"
      },
      "original": {
        "dir": "src/modules",
        "owner": "cachix",
        "repo": "devenv",
        "type": "github"
      }
    },
    "nixpkgs": {
      "inputs": {
        "nixpkgs-src": "nixpkgs-src"
      },
      "locked": {
        "lastModified": 1776097194,
        "narHash": "sha256-XD4DsgNcfXC5nlCxlAcCP5hSjTYlgLXEIoTj7fKkQg4=",
        "owner": "cachix",
        "repo": "devenv-nixpkgs",
        "rev": "6e8a07b02f6f8557ffab71274feac9827bcc2532",
        "type": "github"
      },
      "original": {
        "owner": "cachix",
        "ref": "rolling",
        "repo": "devenv-nixpkgs",
        "type": "github"
      }
    },
    "nixpkgs-src": {
      "flake": false,
      "locked": {
        "lastModified": 1775888245,
        "narHash": "sha256-nwASzrRDD1JBEu/o8ekKYEXm/oJW6EMCzCRdrwcLe90=",
        "owner": "NixOS",
        "repo": "nixpkgs",
        "rev": "13043924aaa7375ce482ebe2494338e058282925",
        "type": "github"
      },
      "original": {
        "owner": "NixOS",
        "ref": "nixpkgs-unstable",
        "repo": "nixpkgs",
        "type": "github"
      }
    },
    "nixpkgs-stable": {
      "locked": {
        "lastModified": 1776261994,
        "narHash": "sha256-GcBksbs/DJEJWhXiCGFdFFI7PDTvEl2+tFzFOpjLTRs=",
        "owner": "nixos",
        "repo": "nixpkgs",
        "rev": "58302403c395cf9a244ee9e0ad44eb620f00948a",
        "type": "github"
      },
      "original": {
        "owner": "nixos",
        "ref": "release-25.11",
        "repo": "nixpkgs",
        "type": "github"
      }
    },
    "nixpkgs-unstable": {
      "locked": {
        "lastModified": 1776225522,
        "narHash": "sha256-W2npO5nesUm68vECpC3Dl/IOzamvcGAu9uV38hou2yg=",
        "owner": "NixOS",
        "repo": "nixpkgs",
        "rev": "975dad1a84d727dce241bb41b27191948fa5a956",
        "type": "github"
      },
      "original": {
        "owner": "NixOS",
        "ref": "nixpkgs-unstable",
        "repo": "nixpkgs",
        "type": "github"
      }
    },
    "root": {
      "inputs": {
        "devenv": "devenv",
        "nixpkgs": "nixpkgs",
        "nixpkgs-stable": "nixpkgs-stable",
        "nixpkgs-unstable": "nixpkgs-unstable"
      }
    }
  },
  "root": "root",
  "version": 7
}